{
  "version": 4,
  "terraform_version": "1.12.1",
  "serial": 33,
  "lineage": "8364d94f-5a22-3af1-3675-1e8c91d775b2",
  "outputs": {},
  "resources": [
    {
      "mode": "managed",
      "type": "azurerm_linux_virtual_machine",
      "name": "example",
      "provider": "provider[\"registry.terraform.io/hashicorp/azurerm\"]",
      "instances": [
        {
          "schema_version": 0,
          "attributes": {
            "additional_capabilities": [],
            "admin_password": null,
            "admin_ssh_key": [
              {
                "public_key": "ssh-rsa AAAAB3NzaC1yc2EAAAADAQABAAACAQDEzJkxJYSRJW9axScHAb14T8NaLlwcw+rVJhr2DW3gI6sbphswhTRzuN1/klObEocmBaPpQWRcw5Rx9Ra0i2O6hMJNULYj3E8zDZpjQ28m45gsLdCuT1FThnO5r3yFeBuPuXRhHbeXe9bKQ1fBd5Hq/dv89WSXZdWfzoq9zOMJZwut0jLbwvyggXwXEZDR7DLQZV6xOnO+Db1mwYjxSvT/unu8oUSJAhTkbBEgug1okAX8ASd8e21VCxaBkStole3ARrd1pGhAka8PIy2nJNRB2UzXpshBNW/UCJKJrSeftvToAGV4uT5zNs1T/1ySqQmqcNTF87+2pxuaQJyF+hTViA899/mydE4ajVz6Z1DU/6DfzmEY8Jl00xD2N9kfQ3VlzeSU3dtwz41rD9DNyDfQQCQVs6fo0ZgbKVx+bHdBxtOcgw3QODLGqlw+C/9Uf69oHm3sIf+piIA6HYmWMVpWlBF3KPgjLS2P+CED6ejogeFe01pFWpXxIIVpq15iVsUDRJWRC2E5ns4nq/W6H3TD82rKq9HZ4g84cteV4XLUNHImbnXtGh7Ce9izosLBUJCv3MgbOSz+6M9k1Ac8fUmqSxrf06/8bom3mDCjVV91FqxY2UvxDpzMmx/P0KaEuw5QoUo4GooR7HtWrqJrTtdbh5Yopg3mHhhjNTJJXDJd/Q== nisha@LAPTOP-0T5HG3L3\r\n",
                "username": "azureuser"
              }
            ],
            "admin_username": "azureuser",
            "allow_extension_operations": true,
            "availability_set_id": "",
            "boot_diagnostics": [],
            "bypass_platform_safety_checks_on_user_schedule_enabled": false,
            "capacity_reservation_group_id": "",
            "computer_name": "terraform-linux-vm",
            "custom_data": null,
            "dedicated_host_group_id": "",
            "dedicated_host_id": "",
            "disable_password_authentication": true,
            "disk_controller_type": "",
            "edge_zone": "",
            "encryption_at_host_enabled": false,
            "eviction_policy": "",
            "extensions_time_budget": "PT1H30M",
            "gallery_application": [],
            "id": "/subscriptions/3104174e-e21e-419c-b8ae-f3d80dcf0022/resourceGroups/terraform-rg/providers/Microsoft.Compute/virtualMachines/terraform-linux-vm",
            "identity": [],
            "license_type": "",
            "location": "eastus",
            "max_bid_price": -1,
            "name": "terraform-linux-vm",
            "network_interface_ids": [
              "/subscriptions/3104174e-e21e-419c-b8ae-f3d80dcf0022/resourceGroups/terraform-rg/providers/Microsoft.Network/networkInterfaces/terraform-nic"
            ],
            "os_disk": [
              {
                "caching": "ReadWrite",
                "diff_disk_settings": [],
                "disk_encryption_set_id": "",
                "disk_size_gb": 30,
                "id": "/subscriptions/3104174e-e21e-419c-b8ae-f3d80dcf0022/resourceGroups/terraform-rg/providers/Microsoft.Compute/disks/terraform-linux-vm_disk1_466f1fa90e704bb6948795c46f3bee36",
                "name": "terraform-linux-vm_disk1_466f1fa90e704bb6948795c46f3bee36",
                "secure_vm_disk_encryption_set_id": "",
                "security_encryption_type": "",
                "storage_account_type": "Standard_LRS",
                "write_accelerator_enabled": false
              }
            ],
            "os_image_notification": [],
            "patch_assessment_mode": "ImageDefault",
            "patch_mode": "ImageDefault",
            "plan": [],
            "platform_fault_domain": -1,
            "priority": "Regular",
            "private_ip_address": "10.0.2.4",
            "private_ip_addresses": [
              "10.0.2.4"
            ],
            "provision_vm_agent": true,
            "proximity_placement_group_id": "",
            "public_ip_address": "52.255.135.226",
            "public_ip_addresses": [
              "52.255.135.226"
            ],
            "reboot_setting": "",
            "resource_group_name": "terraform-rg",
            "secret": [],
            "secure_boot_enabled": false,
            "size": "Standard_B1s",
            "source_image_id": "",
            "source_image_reference": [
              {
                "offer": "UbuntuServer",
                "publisher": "Canonical",
                "sku": "18.04-LTS",
                "version": "latest"
              }
            ],
            "tags": {},
            "termination_notification": [],
            "timeouts": null,
            "user_data": "",
            "virtual_machine_id": "b9ae4580-4778-4dfa-b142-f4c7637937cc",
            "virtual_machine_scale_set_id": "",
            "vm_agent_platform_updates_enabled": false,
            "vtpm_enabled": false,
            "zone": ""
          },
          "sensitive_attributes": [
            [
              {
                "type": "get_attr",
                "value": "admin_password"
              }
            ],
            [
              {
                "type": "get_attr",
                "value": "custom_data"
              }
            ]
          ],
          "identity_schema_version": 0,
          "private": "eyJlMmJmYjczMC1lY2FhLTExZTYtOGY4OC0zNDM2M2JjN2M0YzAiOnsiY3JlYXRlIjoyNzAwMDAwMDAwMDAwLCJkZWxldGUiOjI3MDAwMDAwMDAwMDAsInJlYWQiOjMwMDAwMDAwMDAwMCwidXBkYXRlIjoyNzAwMDAwMDAwMDAwfX0=",
          "dependencies": [
            "azurerm_network_interface.example",
            "azurerm_public_ip.example",
            "azurerm_resource_group.example",
            "azurerm_subnet.example",
            "azurerm_virtual_network.example"
          ]
        }
      ]
    },
    {
      "mode": "managed",
      "type": "azurerm_linux_virtual_machine",
      "name": "grafana",
      "provider": "provider[\"registry.terraform.io/hashicorp/azurerm\"]",
      "instances": [
        {
          "schema_version": 0,
          "attributes": {
            "additional_capabilities": [],
            "admin_password": null,
            "admin_ssh_key": [
              {
                "public_key": "ssh-rsa AAAAB3NzaC1yc2EAAAADAQABAAACAQDEzJkxJYSRJW9axScHAb14T8NaLlwcw+rVJhr2DW3gI6sbphswhTRzuN1/klObEocmBaPpQWRcw5Rx9Ra0i2O6hMJNULYj3E8zDZpjQ28m45gsLdCuT1FThnO5r3yFeBuPuXRhHbeXe9bKQ1fBd5Hq/dv89WSXZdWfzoq9zOMJZwut0jLbwvyggXwXEZDR7DLQZV6xOnO+Db1mwYjxSvT/unu8oUSJAhTkbBEgug1okAX8ASd8e21VCxaBkStole3ARrd1pGhAka8PIy2nJNRB2UzXpshBNW/UCJKJrSeftvToAGV4uT5zNs1T/1ySqQmqcNTF87+2pxuaQJyF+hTViA899/mydE4ajVz6Z1DU/6DfzmEY8Jl00xD2N9kfQ3VlzeSU3dtwz41rD9DNyDfQQCQVs6fo0ZgbKVx+bHdBxtOcgw3QODLGqlw+C/9Uf69oHm3sIf+piIA6HYmWMVpWlBF3KPgjLS2P+CED6ejogeFe01pFWpXxIIVpq15iVsUDRJWRC2E5ns4nq/W6H3TD82rKq9HZ4g84cteV4XLUNHImbnXtGh7Ce9izosLBUJCv3MgbOSz+6M9k1Ac8fUmqSxrf06/8bom3mDCjVV91FqxY2UvxDpzMmx/P0KaEuw5QoUo4GooR7HtWrqJrTtdbh5Yopg3mHhhjNTJJXDJd/Q== nisha@LAPTOP-0T5HG3L3\r\n",
                "username": "azureuser"
              }
            ],
            "admin_username": "azureuser",
            "allow_extension_operations": true,
            "availability_set_id": "",
            "boot_diagnostics": [],
            "bypass_platform_safety_checks_on_user_schedule_enabled": false,
            "capacity_reservation_group_id": "",
            "computer_name": "grafana-vm",
            "custom_data": null,
            "dedicated_host_group_id": "",
            "dedicated_host_id": "",
            "disable_password_authentication": true,
            "disk_controller_type": "",
            "edge_zone": "",
            "encryption_at_host_enabled": false,
            "eviction_policy": "",
            "extensions_time_budget": "PT1H30M",
            "gallery_application": [],
            "id": "/subscriptions/3104174e-e21e-419c-b8ae-f3d80dcf0022/resourceGroups/terraform-rg/providers/Microsoft.Compute/virtualMachines/grafana-vm",
            "identity": [],
            "license_type": "",
            "location": "eastus",
            "max_bid_price": -1,
            "name": "grafana-vm",
            "network_interface_ids": [
              "/subscriptions/3104174e-e21e-419c-b8ae-f3d80dcf0022/resourceGroups/terraform-rg/providers/Microsoft.Network/networkInterfaces/grafana-nic"
            ],
            "os_disk": [
              {
                "caching": "ReadWrite",
                "diff_disk_settings": [],
                "disk_encryption_set_id": "",
                "disk_size_gb": 30,
                "id": "/subscriptions/3104174e-e21e-419c-b8ae-f3d80dcf0022/resourceGroups/terraform-rg/providers/Microsoft.Compute/disks/grafana-vm_OsDisk_1_b4ad37739b1b41dd81e5c60faaf25acb",
                "name": "grafana-vm_OsDisk_1_b4ad37739b1b41dd81e5c60faaf25acb",
                "secure_vm_disk_encryption_set_id": "",
                "security_encryption_type": "",
                "storage_account_type": "Standard_LRS",
                "write_accelerator_enabled": false
              }
            ],
            "os_image_notification": [],
            "patch_assessment_mode": "ImageDefault",
            "patch_mode": "ImageDefault",
            "plan": [],
            "platform_fault_domain": -1,
            "priority": "Regular",
            "private_ip_address": "10.0.2.5",
            "private_ip_addresses": [
              "10.0.2.5"
            ],
            "provision_vm_agent": true,
            "proximity_placement_group_id": "",
            "public_ip_address": "172.191.14.10",
            "public_ip_addresses": [
              "172.191.14.10"
            ],
            "reboot_setting": "",
            "resource_group_name": "terraform-rg",
            "secret": [],
            "secure_boot_enabled": false,
            "size": "Standard_B1s",
            "source_image_id": "",
            "source_image_reference": [
              {
                "offer": "UbuntuServer",
                "publisher": "Canonical",
                "sku": "18.04-LTS",
                "version": "latest"
              }
            ],
            "tags": null,
            "termination_notification": null,
            "timeouts": null,
            "user_data": "",
            "virtual_machine_id": "923b822e-f51f-45dc-b941-c228ff7e0fe5",
            "virtual_machine_scale_set_id": "",
            "vm_agent_platform_updates_enabled": false,
            "vtpm_enabled": false,
            "zone": ""
          },
          "sensitive_attributes": [
            [
              {
                "type": "get_attr",
                "value": "admin_password"
              }
            ],
            [
              {
                "type": "get_attr",
                "value": "custom_data"
              }
            ]
          ],
          "identity_schema_version": 0,
          "private": "eyJlMmJmYjczMC1lY2FhLTExZTYtOGY4OC0zNDM2M2JjN2M0YzAiOnsiY3JlYXRlIjoyNzAwMDAwMDAwMDAwLCJkZWxldGUiOjI3MDAwMDAwMDAwMDAsInJlYWQiOjMwMDAwMDAwMDAwMCwidXBkYXRlIjoyNzAwMDAwMDAwMDAwfX0=",
          "dependencies": [
            "azurerm_network_interface.grafana_nic",
            "azurerm_public_ip.grafana_public_ip",
            "azurerm_resource_group.example",
            "azurerm_subnet.example",
            "azurerm_virtual_network.example"
          ]
        }
      ]
    },
    {
      "mode": "managed",
      "type": "azurerm_network_interface",
      "name": "example",
      "provider": "provider[\"registry.terraform.io/hashicorp/azurerm\"]",
      "instances": [
        {
          "schema_version": 0,
          "attributes": {
            "accelerated_networking_enabled": false,
            "applied_dns_servers": [],
            "auxiliary_mode": "",
            "auxiliary_sku": "",
            "dns_servers": [],
            "edge_zone": "",
            "id": "/subscriptions/3104174e-e21e-419c-b8ae-f3d80dcf0022/resourceGroups/terraform-rg/providers/Microsoft.Network/networkInterfaces/terraform-nic",
            "internal_dns_name_label": "",
            "internal_domain_name_suffix": "xfrsugvu0ywedf0cqqegolherd.bx.internal.cloudapp.net",
            "ip_configuration": [
              {
                "gateway_load_balancer_frontend_ip_configuration_id": "",
                "name": "internal",
                "primary": true,
                "private_ip_address": "10.0.2.4",
                "private_ip_address_allocation": "Dynamic",
                "private_ip_address_version": "IPv4",
                "public_ip_address_id": "/subscriptions/3104174e-e21e-419c-b8ae-f3d80dcf0022/resourceGroups/terraform-rg/providers/Microsoft.Network/publicIPAddresses/terraform-public-ip",
                "subnet_id": "/subscriptions/3104174e-e21e-419c-b8ae-f3d80dcf0022/resourceGroups/terraform-rg/providers/Microsoft.Network/virtualNetworks/terraform-vnet/subnets/terraform-subnet"
              }
            ],
            "ip_forwarding_enabled": false,
            "location": "eastus",
            "mac_address": "00-0D-3A-8F-2E-66",
            "name": "terraform-nic",
            "private_ip_address": "10.0.2.4",
            "private_ip_addresses": [
              "10.0.2.4"
            ],
            "resource_group_name": "terraform-rg",
            "tags": {},
            "timeouts": null,
            "virtual_machine_id": "/subscriptions/3104174e-e21e-419c-b8ae-f3d80dcf0022/resourceGroups/terraform-rg/providers/Microsoft.Compute/virtualMachines/terraform-linux-vm"
          },
          "sensitive_attributes": [],
          "identity_schema_version": 0,
          "private": "eyJlMmJmYjczMC1lY2FhLTExZTYtOGY4OC0zNDM2M2JjN2M0YzAiOnsiY3JlYXRlIjoxODAwMDAwMDAwMDAwLCJkZWxldGUiOjE4MDAwMDAwMDAwMDAsInJlYWQiOjMwMDAwMDAwMDAwMCwidXBkYXRlIjoxODAwMDAwMDAwMDAwfX0=",
          "dependencies": [
            "azurerm_public_ip.example",
            "azurerm_resource_group.example",
            "azurerm_subnet.example",
            "azurerm_virtual_network.example"
          ]
        }
      ]
    },
    {
      "mode": "managed",
      "type": "azurerm_network_interface",
      "name": "grafana_nic",
      "provider": "provider[\"registry.terraform.io/hashicorp/azurerm\"]",
      "instances": [
        {
          "schema_version": 0,
          "attributes": {
            "accelerated_networking_enabled": false,
            "applied_dns_servers": [],
            "auxiliary_mode": "",
            "auxiliary_sku": "",
            "dns_servers": null,
            "edge_zone": "",
            "id": "/subscriptions/3104174e-e21e-419c-b8ae-f3d80dcf0022/resourceGroups/terraform-rg/providers/Microsoft.Network/networkInterfaces/grafana-nic",
            "internal_dns_name_label": "",
            "internal_domain_name_suffix": "xfrsugvu0ywedf0cqqegolherd.bx.internal.cloudapp.net",
            "ip_configuration": [
              {
                "gateway_load_balancer_frontend_ip_configuration_id": "",
                "name": "grafana-ipconfig",
                "primary": true,
                "private_ip_address": "10.0.2.5",
                "private_ip_address_allocation": "Dynamic",
                "private_ip_address_version": "IPv4",
                "public_ip_address_id": "/subscriptions/3104174e-e21e-419c-b8ae-f3d80dcf0022/resourceGroups/terraform-rg/providers/Microsoft.Network/publicIPAddresses/grafana-public-ip",
                "subnet_id": "/subscriptions/3104174e-e21e-419c-b8ae-f3d80dcf0022/resourceGroups/terraform-rg/providers/Microsoft.Network/virtualNetworks/terraform-vnet/subnets/terraform-subnet"
              }
            ],
            "ip_forwarding_enabled": false,
            "location": "eastus",
            "mac_address": "",
            "name": "grafana-nic",
            "private_ip_address": "10.0.2.5",
            "private_ip_addresses": [
              "10.0.2.5"
            ],
            "resource_group_name": "terraform-rg",
            "tags": null,
            "timeouts": null,
            "virtual_machine_id": ""
          },
          "sensitive_attributes": [],
          "identity_schema_version": 0,
          "private": "eyJlMmJmYjczMC1lY2FhLTExZTYtOGY4OC0zNDM2M2JjN2M0YzAiOnsiY3JlYXRlIjoxODAwMDAwMDAwMDAwLCJkZWxldGUiOjE4MDAwMDAwMDAwMDAsInJlYWQiOjMwMDAwMDAwMDAwMCwidXBkYXRlIjoxODAwMDAwMDAwMDAwfX0=",
          "dependencies": [
            "azurerm_public_ip.grafana_public_ip",
            "azurerm_resource_group.example",
            "azurerm_subnet.example",
            "azurerm_virtual_network.example"
          ]
        }
      ]
    },
    {
      "mode": "managed",
      "type": "azurerm_network_security_group",
      "name": "monitoring_nsg",
      "provider": "provider[\"registry.terraform.io/hashicorp/azurerm\"]",
      "instances": [
        {
          "schema_version": 0,
          "attributes": {
            "id": "/subscriptions/3104174e-e21e-419c-b8ae-f3d80dcf0022/resourceGroups/terraform-rg/providers/Microsoft.Network/networkSecurityGroups/monitoring-nsg",
            "location": "eastus",
            "name": "monitoring-nsg",
            "resource_group_name": "terraform-rg",
            "security_rule": [
              {
                "access": "Allow",
                "description": "",
                "destination_address_prefix": "*",
                "destination_address_prefixes": [],
                "destination_application_security_group_ids": [],
                "destination_port_range": "",
                "destination_port_ranges": [
                  "3000",
                  "9090"
                ],
                "direction": "Inbound",
                "name": "allow_http_ports",
                "priority": 100,
                "protocol": "Tcp",
                "source_address_prefix": "*",
                "source_address_prefixes": [],
                "source_application_security_group_ids": [],
                "source_port_range": "*",
                "source_port_ranges": []
              }
            ],
            "tags": null,
            "timeouts": null
          },
          "sensitive_attributes": [],
          "identity_schema_version": 0,
          "private": "eyJlMmJmYjczMC1lY2FhLTExZTYtOGY4OC0zNDM2M2JjN2M0YzAiOnsiY3JlYXRlIjoxODAwMDAwMDAwMDAwLCJkZWxldGUiOjE4MDAwMDAwMDAwMDAsInJlYWQiOjMwMDAwMDAwMDAwMCwidXBkYXRlIjoxODAwMDAwMDAwMDAwfX0=",
          "dependencies": [
            "azurerm_resource_group.example"
          ]
        }
      ]
    },
    {
      "mode": "managed",
      "type": "azurerm_public_ip",
      "name": "example",
      "provider": "provider[\"registry.terraform.io/hashicorp/azurerm\"]",
      "instances": [
        {
          "schema_version": 0,
          "attributes": {
            "allocation_method": "Static",
            "ddos_protection_mode": "VirtualNetworkInherited",
            "ddos_protection_plan_id": null,
            "domain_name_label": null,
            "domain_name_label_scope": null,
            "edge_zone": "",
            "fqdn": null,
            "id": "/subscriptions/3104174e-e21e-419c-b8ae-f3d80dcf0022/resourceGroups/terraform-rg/providers/Microsoft.Network/publicIPAddresses/terraform-public-ip",
            "idle_timeout_in_minutes": 4,
            "ip_address": "52.255.135.226",
            "ip_tags": {},
            "ip_version": "IPv4",
            "location": "eastus",
            "name": "terraform-public-ip",
            "public_ip_prefix_id": null,
            "resource_group_name": "terraform-rg",
            "reverse_fqdn": null,
            "sku": "Standard",
            "sku_tier": "Regional",
            "tags": {},
            "timeouts": null,
            "zones": []
          },
          "sensitive_attributes": [],
          "identity_schema_version": 0,
          "private": "eyJlMmJmYjczMC1lY2FhLTExZTYtOGY4OC0zNDM2M2JjN2M0YzAiOnsiY3JlYXRlIjoxODAwMDAwMDAwMDAwLCJkZWxldGUiOjE4MDAwMDAwMDAwMDAsInJlYWQiOjMwMDAwMDAwMDAwMCwidXBkYXRlIjoxODAwMDAwMDAwMDAwfX0=",
          "dependencies": [
            "azurerm_resource_group.example"
          ]
        }
      ]
    },
    {
      "mode": "managed",
      "type": "azurerm_public_ip",
      "name": "grafana_public_ip",
      "provider": "provider[\"registry.terraform.io/hashicorp/azurerm\"]",
      "instances": [
        {
          "schema_version": 0,
          "attributes": {
            "allocation_method": "Static",
            "ddos_protection_mode": "VirtualNetworkInherited",
            "ddos_protection_plan_id": null,
            "domain_name_label": null,
            "domain_name_label_scope": null,
            "edge_zone": "",
            "fqdn": null,
            "id": "/subscriptions/3104174e-e21e-419c-b8ae-f3d80dcf0022/resourceGroups/terraform-rg/providers/Microsoft.Network/publicIPAddresses/grafana-public-ip",
            "idle_timeout_in_minutes": 4,
            "ip_address": "172.191.14.10",
            "ip_tags": null,
            "ip_version": "IPv4",
            "location": "eastus",
            "name": "grafana-public-ip",
            "public_ip_prefix_id": null,
            "resource_group_name": "terraform-rg",
            "reverse_fqdn": null,
            "sku": "Standard",
            "sku_tier": "Regional",
            "tags": null,
            "timeouts": null,
            "zones": null
          },
          "sensitive_attributes": [],
          "identity_schema_version": 0,
          "private": "eyJlMmJmYjczMC1lY2FhLTExZTYtOGY4OC0zNDM2M2JjN2M0YzAiOnsiY3JlYXRlIjoxODAwMDAwMDAwMDAwLCJkZWxldGUiOjE4MDAwMDAwMDAwMDAsInJlYWQiOjMwMDAwMDAwMDAwMCwidXBkYXRlIjoxODAwMDAwMDAwMDAwfX0=",
          "dependencies": [
            "azurerm_resource_group.example"
          ]
        }
      ]
    },
    {
      "mode": "managed",
      "type": "azurerm_resource_group",
      "name": "example",
      "provider": "provider[\"registry.terraform.io/hashicorp/azurerm\"]",
      "instances": [
        {
          "schema_version": 0,
          "attributes": {
            "id": "/subscriptions/3104174e-e21e-419c-b8ae-f3d80dcf0022/resourceGroups/terraform-rg",
            "location": "eastus",
            "managed_by": "",
            "name": "terraform-rg",
            "tags": {},
            "timeouts": null
          },
          "sensitive_attributes": [],
          "identity_schema_version": 0,
          "private": "eyJlMmJmYjczMC1lY2FhLTExZTYtOGY4OC0zNDM2M2JjN2M0YzAiOnsiY3JlYXRlIjo1NDAwMDAwMDAwMDAwLCJkZWxldGUiOjU0MDAwMDAwMDAwMDAsInJlYWQiOjMwMDAwMDAwMDAwMCwidXBkYXRlIjo1NDAwMDAwMDAwMDAwfX0="
        }
      ]
    },
    {
      "mode": "managed",
      "type": "azurerm_subnet",
      "name": "example",
      "provider": "provider[\"registry.terraform.io/hashicorp/azurerm\"]",
      "instances": [
        {
          "schema_version": 0,
          "attributes": {
            "address_prefixes": [
              "10.0.2.0/24"
            ],
            "default_outbound_access_enabled": true,
            "delegation": [],
            "id": "/subscriptions/3104174e-e21e-419c-b8ae-f3d80dcf0022/resourceGroups/terraform-rg/providers/Microsoft.Network/virtualNetworks/terraform-vnet/subnets/terraform-subnet",
            "name": "terraform-subnet",
            "private_endpoint_network_policies": "Disabled",
            "private_link_service_network_policies_enabled": true,
            "resource_group_name": "terraform-rg",
            "service_endpoint_policy_ids": [],
            "service_endpoints": [],
            "timeouts": null,
            "virtual_network_name": "terraform-vnet"
          },
          "sensitive_attributes": [],
          "identity_schema_version": 0,
          "private": "eyJlMmJmYjczMC1lY2FhLTExZTYtOGY4OC0zNDM2M2JjN2M0YzAiOnsiY3JlYXRlIjoxODAwMDAwMDAwMDAwLCJkZWxldGUiOjE4MDAwMDAwMDAwMDAsInJlYWQiOjMwMDAwMDAwMDAwMCwidXBkYXRlIjoxODAwMDAwMDAwMDAwfX0=",
          "dependencies": [
            "azurerm_resource_group.example",
            "azurerm_virtual_network.example"
          ]
        }
      ]
    },
    {
      "mode": "managed",
      "type": "azurerm_virtual_network",
      "name": "example",
      "provider": "provider[\"registry.terraform.io/hashicorp/azurerm\"]",
      "instances": [
        {
          "schema_version": 0,
          "attributes": {
            "address_space": [
              "10.0.0.0/16"
            ],
            "bgp_community": "",
            "ddos_protection_plan": [],
            "dns_servers": [],
            "edge_zone": "",
            "encryption": [],
            "flow_timeout_in_minutes": 0,
            "guid": "1a2a63b9-d6b4-412c-9742-8408672ce48b",
            "id": "/subscriptions/3104174e-e21e-419c-b8ae-f3d80dcf0022/resourceGroups/terraform-rg/providers/Microsoft.Network/virtualNetworks/terraform-vnet",
            "ip_address_pool": [],
            "location": "eastus",
            "name": "terraform-vnet",
            "private_endpoint_vnet_policies": "Disabled",
            "resource_group_name": "terraform-rg",
            "subnet": [
              {
                "address_prefixes": [
                  "10.0.2.0/24"
                ],
                "default_outbound_access_enabled": true,
                "delegation": [],
                "id": "/subscriptions/3104174e-e21e-419c-b8ae-f3d80dcf0022/resourceGroups/terraform-rg/providers/Microsoft.Network/virtualNetworks/terraform-vnet/subnets/terraform-subnet",
                "name": "terraform-subnet",
                "private_endpoint_network_policies": "Disabled",
                "private_link_service_network_policies_enabled": true,
                "route_table_id": "",
                "security_group": "/subscriptions/3104174e-e21e-419c-b8ae-f3d80dcf0022/resourceGroups/terraform-rg/providers/Microsoft.Network/networkSecurityGroups/terraform-nsg",
                "service_endpoint_policy_ids": [],
                "service_endpoints": []
              }
            ],
            "tags": {},
            "timeouts": null
          },
          "sensitive_attributes": [],
          "identity_schema_version": 0,
          "private": "eyJlMmJmYjczMC1lY2FhLTExZTYtOGY4OC0zNDM2M2JjN2M0YzAiOnsiY3JlYXRlIjoxODAwMDAwMDAwMDAwLCJkZWxldGUiOjE4MDAwMDAwMDAwMDAsInJlYWQiOjMwMDAwMDAwMDAwMCwidXBkYXRlIjoxODAwMDAwMDAwMDAwfX0=",
          "dependencies": [
            "azurerm_resource_group.example"
          ]
        }
      ]
    }
  ],
  "check_results": null
}
